schema: '2.0'
stages:
  prepare_data:
    cmd: ALLOW_REMOTE_CODE=1 poetry run python src/data/prepare_data.py 
      --dataset bank77 --split-train large --split-eval small --seed 42 
      --datasets-dir src/clusterllm/datasets --out-train 
      data/raw/bank77_large.csv --out-eval  data/raw/bank77_small.csv 
      --jsonl-train src/clusterllm/datasets/bank77/large.jsonl --jsonl-eval 
      src/clusterllm/datasets/bank77/small.jsonl
    deps:
    - path: poetry.lock
      hash: md5
      md5: a594fb9eb8aeb88a0d023aa149373323
      size: 595905
    - path: pyproject.toml
      hash: md5
      md5: 9c38fa70a0ba7da20b4bb27b94b67bbb
      size: 1439
    - path: src/data/prepare_data.py
      hash: md5
      md5: f33eea01397f3ec44a8619cf2fd56cb1
      size: 22965
    params:
      params.yaml:
        run.dataset: bank77
        run.split_eval: small
        run.split_train: large
        seed: 42
    outs:
    - path: data/raw/bank77_large.csv
      hash: md5
      md5: c516feb2542bafbc31d9e8681f772b51
      size: 636374
    - path: data/raw/bank77_small.csv
      hash: md5
      md5: f2e48ccb7eb8360f24db85516d847a7f
      size: 179757
    - path: src/clusterllm/datasets/bank77/large.jsonl
      hash: md5
      md5: c1f7b43b51da7001199fdbc4b0cbc01c
      size: 853722
    - path: src/clusterllm/datasets/bank77/small.jsonl
      hash: md5
      md5: dc24049206834e9f166380ee96777d0b
      size: 246750
  embed_init:
    cmd: env CUDA_VISIBLE_DEVICES=0 SEED=42 DATASET=bank77 SPLIT_TRAIN=large 
      SPLIT_EVAL=small RUN_DIR=runs/bank77/deepseek-r1_32b__qwen2.5_32b/fold_0 
      bash scripts/get_embedding.sh
    deps:
    - path: ../../../../params.yaml
      hash: md5
      md5: 330d3cc53edcec742ddbeb4df3afd8c2
      size: 3725
    - path: ../../../../poetry.lock
      hash: md5
      md5: a594fb9eb8aeb88a0d023aa149373323
      size: 595905
    - path: ../../../../pyproject.toml
      hash: md5
      md5: 9c38fa70a0ba7da20b4bb27b94b67bbb
      size: 1439
    - path: ../../datasets/bank77/large.jsonl
      hash: md5
      md5: c1f7b43b51da7001199fdbc4b0cbc01c
      size: 853722
    - path: ../../datasets/bank77/small.jsonl
      hash: md5
      md5: dc24049206834e9f166380ee96777d0b
      size: 246750
    - path: scripts/get_embedding.sh
      hash: md5
      md5: ea90ba946a3a249af4f140342b85a2ae
      size: 2183
      isexec: true
    params:
      ../../../../params.yaml:
        run.dataset: bank77
        run.run_dir: runs/bank77/deepseek-r1_32b__qwen2.5_32b/fold_0
        run.split_eval: small
        run.split_train: large
        seed: 42
        system.cuda_visible_devices: '0'
    outs:
    - path: 
        ../../../../runs/bank77/deepseek-r1_32b__qwen2.5_32b/fold_0/perspective/emb_init
      hash: md5
      md5: 7df74e7412796c2f2fa242ecdd56dfea.dir
      size: 40974521
      nfiles: 2
  triplet_sampling:
    cmd: env CUDA_VISIBLE_DEVICES=0 SEED=42 DATASET=bank77 SPLIT_TRAIN=large 
      SPLIT_EVAL=small RUN_DIR=runs/bank77/deepseek-r1_32b__qwen2.5_32b/fold_0 
      bash scripts/triplet_sampling.sh
    deps:
    - path: ../../../../params.yaml
      hash: md5
      md5: 330d3cc53edcec742ddbeb4df3afd8c2
      size: 3725
    - path: ../../../../poetry.lock
      hash: md5
      md5: a594fb9eb8aeb88a0d023aa149373323
      size: 595905
    - path: ../../../../pyproject.toml
      hash: md5
      md5: 9c38fa70a0ba7da20b4bb27b94b67bbb
      size: 1439
    - path: 
        ../../../../runs/bank77/deepseek-r1_32b__qwen2.5_32b/fold_0/perspective/emb_init/large_embeds.hdf5
      hash: md5
      md5: a3e21ecc8ba34ce578807a33ccb9f857
      size: 40974336
    - path: ../../datasets/bank77/large.jsonl
      hash: md5
      md5: c1f7b43b51da7001199fdbc4b0cbc01c
      size: 853722
    - path: scripts/triplet_sampling.sh
      hash: md5
      md5: f9fa64a41a1ee7a525eb18bb28c2fe73
      size: 3255
      isexec: true
    params:
      ../../../../params.yaml:
        run:
          dataset: bank77
          split_train: large
          split_eval: small
          fold: 0
          persona: intent_discovery
          triplet_llm: deepseek-r1:32b
          pairwise_llm: qwen2.5:32b
          run_dir: runs/bank77/deepseek-r1_32b__qwen2.5_32b/fold_0
        seed: 42
        system.cuda_visible_devices: '0'
    outs:
    - path: 
        ../../../../runs/bank77/deepseek-r1_32b__qwen2.5_32b/fold_0/perspective/triplets_sampled
      hash: md5
      md5: afc7e043eb8964b9328adaeb35883f3f.dir
      size: 186669
      nfiles: 1
  prepare_small@mtop_intent:
    cmd: ALLOW_REMOTE_CODE=1 bash scripts/run_prepare_data_only.sh mtop_intent 
      small 42
    deps:
    - path: scripts/run_prepare_data_only.sh
      hash: md5
      md5: 928adcecc6406f0c69d58f628e6d94f0
      size: 4358
      isexec: true
    - path: src/data/prepare_data.py
      hash: md5
      md5: 1c00330657dda0013d17d228afd53d95
      size: 31020
    params:
      params.yaml:
        datasets.all:
        - bank77
        - clinc150
        - massive_intent
        - massive_domain
        - mtop_intent
        - mtop_domain
        - go_emotions
        - reddit
        - stackex
        - arxiv
        - few_event
        - few_nerd_nat
        - few_rel_nat
        - clinc_intent
        - clinc_domain
        run.seed: 42
    outs:
    - path: data/raw/mtop_intent_small_eval.csv
      hash: md5
      md5: 62e64e06b36079be74afc5c5c9391003
      size: 178221
    - path: data/raw/mtop_intent_small_train.csv
      hash: md5
      md5: 42cd11fa56e7235413555c4052cec025
      size: 633235
    - path: src/clusterllm/datasets/mtop_intent/small.jsonl
      hash: md5
      md5: de9e5995fd82f2031b7cc4330634419a
      size: 1251560
  prepare_large@mtop_intent:
    cmd: ALLOW_REMOTE_CODE=1 bash scripts/run_prepare_data_only.sh mtop_intent 
      large 42
    deps:
    - path: scripts/run_prepare_data_only.sh
      hash: md5
      md5: 928adcecc6406f0c69d58f628e6d94f0
      size: 4358
      isexec: true
    - path: src/data/prepare_data.py
      hash: md5
      md5: d0093087a48d64b278c412a2e812925f
      size: 31019
    params:
      params.yaml:
        run.seed: 42
    outs:
    - path: data/raw/mtop_intent_large_eval.csv
      hash: md5
      md5: 62e64e06b36079be74afc5c5c9391003
      size: 178221
    - path: data/raw/mtop_intent_large_train.csv
      hash: md5
      md5: 77183c36768a5e5a1f8956520ec72213
      size: 632066
    - path: src/clusterllm/datasets/mtop_intent/large.jsonl
      hash: md5
      md5: fdfa67a14eb13ab913b3bd048d7c6cba
      size: 1249753
  prepare_small@stackex:
    cmd: ALLOW_REMOTE_CODE=1 bash scripts/run_prepare_data_only.sh stackex small
      42
    deps:
    - path: scripts/run_prepare_data_only.sh
      hash: md5
      md5: 928adcecc6406f0c69d58f628e6d94f0
      size: 4358
      isexec: true
    - path: src/data/prepare_data.py
      hash: md5
      md5: 1c00330657dda0013d17d228afd53d95
      size: 31020
    params:
      params.yaml:
        run.seed: 42
    outs:
    - path: data/raw/stackex_small_eval.csv
      hash: md5
      md5: bc84b896582de98c560c4ff0c670dd5b
      size: 376329
    - path: data/raw/stackex_small_train.csv
      hash: md5
      md5: c673b3ed178071aab47b6ffb9a6b6015
      size: 4510795
    - path: src/clusterllm/datasets/stackex/small.jsonl
      hash: md5
      md5: e1efe5723469b06d8480412222a14efd
      size: 6169069
  prepare_small@few_event:
    cmd: ALLOW_REMOTE_CODE=1 bash scripts/run_prepare_data_only.sh few_event 
      small 42
    deps:
    - path: scripts/run_prepare_data_only.sh
      hash: md5
      md5: 928adcecc6406f0c69d58f628e6d94f0
      size: 4358
      isexec: true
    - path: src/data/prepare_data.py
      hash: md5
      md5: 1c00330657dda0013d17d228afd53d95
      size: 31020
    params:
      params.yaml:
        run.seed: 42
    outs:
    - path: data/raw/few_event_small_eval.csv
      hash: md5
      md5: d7cf2012e7d360f6f6f65866156f9b6c
      size: 1198427
    - path: data/raw/few_event_small_train.csv
      hash: md5
      md5: d7cf2012e7d360f6f6f65866156f9b6c
      size: 1198427
    - path: src/clusterllm/datasets/few_event/small.jsonl
      hash: md5
      md5: effa6f56a3f761459607a045be770fee
      size: 2611036
  prepare_small@massive_intent:
    cmd: ALLOW_REMOTE_CODE=1 bash scripts/run_prepare_data_only.sh 
      massive_intent small 42
    deps:
    - path: scripts/run_prepare_data_only.sh
      hash: md5
      md5: 928adcecc6406f0c69d58f628e6d94f0
      size: 4358
      isexec: true
    - path: src/data/prepare_data.py
      hash: md5
      md5: 1c00330657dda0013d17d228afd53d95
      size: 31020
    params:
      params.yaml:
        datasets.all:
        - bank77
        - clinc150
        - massive_intent
        - massive_domain
        - mtop_intent
        - mtop_domain
        - go_emotions
        - reddit
        - stackex
        - arxiv
        - few_event
        - few_nerd_nat
        - few_rel_nat
        - clinc_intent
        - clinc_domain
        run.seed: 42
    outs:
    - path: data/raw/massive_intent_small_eval.csv
      hash: md5
      md5: 485a8cb5ba84e988fa4e72d65c517587
      size: 147263
    - path: data/raw/massive_intent_small_train.csv
      hash: md5
      md5: 2d13dee198c67dc9f9743b91b6615748
      size: 576534
    - path: src/clusterllm/datasets/massive_intent/small.jsonl
      hash: md5
      md5: b36f799e5500f2322d737cce58ec4cb8
      size: 1071391
  prepare_small@reddit:
    cmd: ALLOW_REMOTE_CODE=1 bash scripts/run_prepare_data_only.sh reddit small 
      42
    deps:
    - path: scripts/run_prepare_data_only.sh
      hash: md5
      md5: 928adcecc6406f0c69d58f628e6d94f0
      size: 4358
      isexec: true
    - path: src/data/prepare_data.py
      hash: md5
      md5: 1c00330657dda0013d17d228afd53d95
      size: 31020
    params:
      params.yaml:
        datasets.all:
        - bank77
        - clinc150
        - massive_intent
        - massive_domain
        - mtop_intent
        - mtop_domain
        - go_emotions
        - reddit
        - stackex
        - arxiv
        - few_event
        - few_nerd_nat
        - few_rel_nat
        - clinc_intent
        - clinc_domain
        run.seed: 42
    outs:
    - path: data/raw/reddit_small_eval.csv
      hash: md5
      md5: 9bd325c867ffeb088bc1f45271ef1a86
      size: 258093
    - path: data/raw/reddit_small_train.csv
      hash: md5
      md5: 0570ef5a3c0ca7877bd728ae2235f4db
      size: 3979460
    - path: src/clusterllm/datasets/reddit/small.jsonl
      hash: md5
      md5: 6790b7254ee47c42c3771f17b5e2df99
      size: 5491294
  prepare_small@clinc_domain:
    cmd: ALLOW_REMOTE_CODE=1 bash scripts/run_prepare_data_only.sh clinc_domain 
      small 42
    deps:
    - path: scripts/run_prepare_data_only.sh
      hash: md5
      md5: 928adcecc6406f0c69d58f628e6d94f0
      size: 4358
      isexec: true
    - path: src/data/prepare_data.py
      hash: md5
      md5: 1c00330657dda0013d17d228afd53d95
      size: 31020
    params:
      params.yaml:
        run.seed: 42
    outs:
    - path: data/raw/clinc_domain_small_eval.csv
      hash: md5
      md5: 8eac3e71d28c1afcacceeda2d47587da
      size: 228261
    - path: data/raw/clinc_domain_small_train.csv
      hash: md5
      md5: d604e23f52794f0a549be6e5b7b37bbb
      size: 762599
    - path: src/clusterllm/datasets/clinc_domain/small.jsonl
      hash: md5
      md5: c2218320daa39c669bf4d203a70ebcf2
      size: 1456382
  prepare_small@clinc_intent:
    cmd: ALLOW_REMOTE_CODE=1 bash scripts/run_prepare_data_only.sh clinc_intent 
      small 42
    deps:
    - path: scripts/run_prepare_data_only.sh
      hash: md5
      md5: 928adcecc6406f0c69d58f628e6d94f0
      size: 4358
      isexec: true
    - path: src/data/prepare_data.py
      hash: md5
      md5: 1c00330657dda0013d17d228afd53d95
      size: 31020
    params:
      params.yaml:
        run.seed: 42
    outs:
    - path: data/raw/clinc_intent_small_eval.csv
      hash: md5
      md5: 123d1bd5b60661e073532a884b37216d
      size: 200689
    - path: data/raw/clinc_intent_small_train.csv
      hash: md5
      md5: a29bfe54c989649cd142204081e7696b
      size: 665120
    - path: src/clusterllm/datasets/clinc_intent/small.jsonl
      hash: md5
      md5: a6f2082bb4d5ab72fb3abc75e3d83d20
      size: 1292397
  prepare_small@clinc150:
    cmd: ALLOW_REMOTE_CODE=1 bash scripts/run_prepare_data_only.sh clinc150 
      small 42
    deps:
    - path: scripts/run_prepare_data_only.sh
      hash: md5
      md5: 928adcecc6406f0c69d58f628e6d94f0
      size: 4358
      isexec: true
    - path: src/data/prepare_data.py
      hash: md5
      md5: 1c00330657dda0013d17d228afd53d95
      size: 31020
    params:
      params.yaml:
        datasets.all:
        - bank77
        - clinc150
        - massive_intent
        - massive_domain
        - mtop_intent
        - mtop_domain
        - go_emotions
        - reddit
        - stackex
        - arxiv
        - few_event
        - few_nerd_nat
        - few_rel_nat
        - clinc_intent
        - clinc_domain
        run.seed: 42
    outs:
    - path: data/raw/clinc150_small_eval.csv
      hash: md5
      md5: 123d1bd5b60661e073532a884b37216d
      size: 200689
    - path: data/raw/clinc150_small_train.csv
      hash: md5
      md5: a29bfe54c989649cd142204081e7696b
      size: 665120
    - path: src/clusterllm/datasets/clinc150/small.jsonl
      hash: md5
      md5: a6f2082bb4d5ab72fb3abc75e3d83d20
      size: 1292397
  prepare_small@go_emotions:
    cmd: ALLOW_REMOTE_CODE=1 bash scripts/run_prepare_data_only.sh go_emotions 
      small 42
    deps:
    - path: scripts/run_prepare_data_only.sh
      hash: md5
      md5: 928adcecc6406f0c69d58f628e6d94f0
      size: 4358
      isexec: true
    - path: src/data/prepare_data.py
      hash: md5
      md5: 1c00330657dda0013d17d228afd53d95
      size: 31020
    params:
      params.yaml:
        datasets.all:
        - bank77
        - clinc150
        - massive_intent
        - massive_domain
        - mtop_intent
        - mtop_domain
        - go_emotions
        - reddit
        - stackex
        - arxiv
        - few_event
        - few_nerd_nat
        - few_rel_nat
        - clinc_intent
        - clinc_domain
        run.seed: 42
    outs:
    - path: data/raw/go_emotions_small_eval.csv
      hash: md5
      md5: 68290e3cb5c1b0d1c51237ae783df8f5
      size: 407427
    - path: data/raw/go_emotions_small_train.csv
      hash: md5
      md5: e832fad2fd2952603cb053d7b565dafa
      size: 1774767
    - path: src/clusterllm/datasets/go_emotions/small.jsonl
      hash: md5
      md5: 0c108c9d18b53fb24136d1a2b93a5f6f
      size: 2803952
  prepare_small@massive_domain:
    cmd: ALLOW_REMOTE_CODE=1 bash scripts/run_prepare_data_only.sh 
      massive_domain small 42
    deps:
    - path: scripts/run_prepare_data_only.sh
      hash: md5
      md5: 928adcecc6406f0c69d58f628e6d94f0
      size: 4358
      isexec: true
    - path: src/data/prepare_data.py
      hash: md5
      md5: 1c00330657dda0013d17d228afd53d95
      size: 31020
    params:
      params.yaml:
        datasets.all:
        - bank77
        - clinc150
        - massive_intent
        - massive_domain
        - mtop_intent
        - mtop_domain
        - go_emotions
        - reddit
        - stackex
        - arxiv
        - few_event
        - few_nerd_nat
        - few_rel_nat
        - clinc_intent
        - clinc_domain
        run.seed: 42
    outs:
    - path: data/raw/massive_domain_small_eval.csv
      hash: md5
      md5: 485a8cb5ba84e988fa4e72d65c517587
      size: 147263
    - path: data/raw/massive_domain_small_train.csv
      hash: md5
      md5: 3758592b0ff577f44658242029513ad6
      size: 576704
    - path: src/clusterllm/datasets/massive_domain/small.jsonl
      hash: md5
      md5: be89299896901537e8eb2cac3c8a9c27
      size: 1071657
  prepare_small@bank77:
    cmd: ALLOW_REMOTE_CODE=1 bash scripts/run_prepare_data_only.sh bank77 small 
      42
    deps:
    - path: scripts/run_prepare_data_only.sh
      hash: md5
      md5: 928adcecc6406f0c69d58f628e6d94f0
      size: 4358
      isexec: true
    - path: src/data/prepare_data.py
      hash: md5
      md5: 1c00330657dda0013d17d228afd53d95
      size: 31020
    params:
      params.yaml:
        datasets.all:
        - bank77
        - clinc150
        - massive_intent
        - massive_domain
        - mtop_intent
        - mtop_domain
        - go_emotions
        - reddit
        - stackex
        - arxiv
        - few_event
        - few_nerd_nat
        - few_rel_nat
        - clinc_intent
        - clinc_domain
        run.seed: 42
    outs:
    - path: data/raw/bank77_small_eval.csv
      hash: md5
      md5: f2e48ccb7eb8360f24db85516d847a7f
      size: 179757
    - path: data/raw/bank77_small_train.csv
      hash: md5
      md5: c516feb2542bafbc31d9e8681f772b51
      size: 636374
    - path: src/clusterllm/datasets/bank77/small.jsonl
      hash: md5
      md5: 0f59d93a45d42cfc4c84069b448e065d
      size: 1100472
  prepare_small@few_rel_nat:
    cmd: ALLOW_REMOTE_CODE=1 bash scripts/run_prepare_data_only.sh few_rel_nat 
      small 42
    deps:
    - path: scripts/run_prepare_data_only.sh
      hash: md5
      md5: 928adcecc6406f0c69d58f628e6d94f0
      size: 4358
      isexec: true
    - path: src/data/prepare_data.py
      hash: md5
      md5: 1c00330657dda0013d17d228afd53d95
      size: 31020
    params:
      params.yaml:
        run.seed: 42
    outs:
    - path: data/raw/few_rel_nat_small_eval.csv
      hash: md5
      md5: 3a5dd5dee8f197be290b75cd5884aff9
      size: 909080
    - path: data/raw/few_rel_nat_small_train.csv
      hash: md5
      md5: 3a5dd5dee8f197be290b75cd5884aff9
      size: 909080
    - path: src/clusterllm/datasets/few_rel_nat/small.jsonl
      hash: md5
      md5: 685d2a6afc71b9b23af4aa4047c46230
      size: 2019036
  prepare_small@few_nerd_nat:
    cmd: ALLOW_REMOTE_CODE=1 bash scripts/run_prepare_data_only.sh few_nerd_nat 
      small 42
    deps:
    - path: scripts/run_prepare_data_only.sh
      hash: md5
      md5: 928adcecc6406f0c69d58f628e6d94f0
      size: 4358
      isexec: true
    - path: src/data/prepare_data.py
      hash: md5
      md5: 1c00330657dda0013d17d228afd53d95
      size: 31020
    params:
      params.yaml:
        run.seed: 42
    outs:
    - path: data/raw/few_nerd_nat_small_eval.csv
      hash: md5
      md5: f3ef54baac3435111ca7f2a9910307c1
      size: 811663
    - path: data/raw/few_nerd_nat_small_train.csv
      hash: md5
      md5: f3ef54baac3435111ca7f2a9910307c1
      size: 811663
    - path: src/clusterllm/datasets/few_nerd_nat/small.jsonl
      hash: md5
      md5: e1a05ba3fa33f29ee23cfb8efc5b5aa4
      size: 1791640
  prepare_small@mtop_domain:
    cmd: ALLOW_REMOTE_CODE=1 bash scripts/run_prepare_data_only.sh mtop_domain 
      small 42
    deps:
    - path: scripts/run_prepare_data_only.sh
      hash: md5
      md5: 928adcecc6406f0c69d58f628e6d94f0
      size: 4358
      isexec: true
    - path: src/data/prepare_data.py
      hash: md5
      md5: 1c00330657dda0013d17d228afd53d95
      size: 31020
    params:
      params.yaml:
        datasets.all:
        - bank77
        - clinc150
        - massive_intent
        - massive_domain
        - mtop_intent
        - mtop_domain
        - go_emotions
        - reddit
        - stackex
        - arxiv
        - few_event
        - few_nerd_nat
        - few_rel_nat
        - clinc_intent
        - clinc_domain
        run.seed: 42
    outs:
    - path: data/raw/mtop_domain_small_eval.csv
      hash: md5
      md5: 5a47eef005d027b4cb557d7e9ac202ce
      size: 175163
    - path: data/raw/mtop_domain_small_train.csv
      hash: md5
      md5: 2ce920e7638bddcaee45b040f1a91d54
      size: 622070
    - path: src/clusterllm/datasets/mtop_domain/small.jsonl
      hash: md5
      md5: 44d69f0ea0fe38b70f67732c1e44fd20
      size: 1237337
  prepare_small@arxiv:
    cmd: ALLOW_REMOTE_CODE=1 bash scripts/run_prepare_data_only.sh arxiv small 
      42
    deps:
    - path: scripts/run_prepare_data_only.sh
      hash: md5
      md5: 928adcecc6406f0c69d58f628e6d94f0
      size: 4358
      isexec: true
    - path: src/data/prepare_data.py
      hash: md5
      md5: 1c00330657dda0013d17d228afd53d95
      size: 31020
    params:
      params.yaml:
        datasets.all:
        - bank77
        - clinc150
        - massive_intent
        - massive_domain
        - mtop_intent
        - mtop_domain
        - go_emotions
        - reddit
        - stackex
        - arxiv
        run.seed: 42
    outs:
    - path: data/raw/arxiv_small_eval.csv
      hash: md5
      md5: c6268a48fd84e5a40bc6dc22e87ca789
      size: 3720582
    - path: data/raw/arxiv_small_train.csv
      hash: md5
      md5: b74c1f58c27bdefcdd9a522eeea64dd7
      size: 51007102
    - path: src/clusterllm/datasets/arxiv/small.jsonl
      hash: md5
      md5: 5d3b6dd8890aa8641825d09810019890
      size: 56710014
  prepare_large@stackex:
    cmd: ALLOW_REMOTE_CODE=1 bash scripts/run_prepare_data_only.sh stackex large
      42
    deps:
    - path: scripts/run_prepare_data_only.sh
      hash: md5
      md5: 928adcecc6406f0c69d58f628e6d94f0
      size: 4358
      isexec: true
    - path: src/data/prepare_data.py
      hash: md5
      md5: d0093087a48d64b278c412a2e812925f
      size: 31019
    params:
      params.yaml:
        run.seed: 42
    outs:
    - path: data/raw/stackex_large_eval.csv
      hash: md5
      md5: bc84b896582de98c560c4ff0c670dd5b
      size: 376329
    - path: data/raw/stackex_large_train.csv
      hash: md5
      md5: c673b3ed178071aab47b6ffb9a6b6015
      size: 4510795
    - path: src/clusterllm/datasets/stackex/large.jsonl
      hash: md5
      md5: e1efe5723469b06d8480412222a14efd
      size: 6169069
  prepare_large@few_nerd_nat:
    cmd: ALLOW_REMOTE_CODE=1 bash scripts/run_prepare_data_only.sh few_nerd_nat 
      large 42
    deps:
    - path: scripts/run_prepare_data_only.sh
      hash: md5
      md5: 928adcecc6406f0c69d58f628e6d94f0
      size: 4358
      isexec: true
    - path: src/data/prepare_data.py
      hash: md5
      md5: d0093087a48d64b278c412a2e812925f
      size: 31019
    params:
      params.yaml:
        run.seed: 42
    outs:
    - path: data/raw/few_nerd_nat_large_eval.csv
      hash: md5
      md5: f3ef54baac3435111ca7f2a9910307c1
      size: 811663
    - path: data/raw/few_nerd_nat_large_train.csv
      hash: md5
      md5: f3ef54baac3435111ca7f2a9910307c1
      size: 811663
    - path: src/clusterllm/datasets/few_nerd_nat/large.jsonl
      hash: md5
      md5: e1a05ba3fa33f29ee23cfb8efc5b5aa4
      size: 1791640
  prepare_large@clinc_intent:
    cmd: ALLOW_REMOTE_CODE=1 bash scripts/run_prepare_data_only.sh clinc_intent 
      large 42
    deps:
    - path: scripts/run_prepare_data_only.sh
      hash: md5
      md5: 928adcecc6406f0c69d58f628e6d94f0
      size: 4358
      isexec: true
    - path: src/data/prepare_data.py
      hash: md5
      md5: d0093087a48d64b278c412a2e812925f
      size: 31019
    params:
      params.yaml:
        run.seed: 42
    outs:
    - path: data/raw/clinc_intent_large_eval.csv
      hash: md5
      md5: 123d1bd5b60661e073532a884b37216d
      size: 200689
    - path: data/raw/clinc_intent_large_train.csv
      hash: md5
      md5: a29bfe54c989649cd142204081e7696b
      size: 665120
    - path: src/clusterllm/datasets/clinc_intent/large.jsonl
      hash: md5
      md5: a6f2082bb4d5ab72fb3abc75e3d83d20
      size: 1292397
  prepare_large@mtop_domain:
    cmd: ALLOW_REMOTE_CODE=1 bash scripts/run_prepare_data_only.sh mtop_domain 
      large 42
    deps:
    - path: scripts/run_prepare_data_only.sh
      hash: md5
      md5: 928adcecc6406f0c69d58f628e6d94f0
      size: 4358
      isexec: true
    - path: src/data/prepare_data.py
      hash: md5
      md5: d0093087a48d64b278c412a2e812925f
      size: 31019
    params:
      params.yaml:
        run.seed: 42
    outs:
    - path: data/raw/mtop_domain_large_eval.csv
      hash: md5
      md5: 2b6e12944a7bf8298aeb24861c0be0e0
      size: 91118
    - path: data/raw/mtop_domain_large_train.csv
      hash: md5
      md5: 42cd11fa56e7235413555c4052cec025
      size: 633235
    - path: src/clusterllm/datasets/mtop_domain/large.jsonl
      hash: md5
      md5: 9b31b0bf36ca8025f9caa40fa6d1db9f
      size: 1117261
  prepare_large@clinc_domain:
    cmd: ALLOW_REMOTE_CODE=1 bash scripts/run_prepare_data_only.sh clinc_domain 
      large 42
    deps:
    - path: scripts/run_prepare_data_only.sh
      hash: md5
      md5: 928adcecc6406f0c69d58f628e6d94f0
      size: 4358
      isexec: true
    - path: src/data/prepare_data.py
      hash: md5
      md5: d0093087a48d64b278c412a2e812925f
      size: 31019
    params:
      params.yaml:
        run.seed: 42
    outs:
    - path: data/raw/clinc_domain_large_eval.csv
      hash: md5
      md5: 8eac3e71d28c1afcacceeda2d47587da
      size: 228261
    - path: data/raw/clinc_domain_large_train.csv
      hash: md5
      md5: d604e23f52794f0a549be6e5b7b37bbb
      size: 762599
    - path: src/clusterllm/datasets/clinc_domain/large.jsonl
      hash: md5
      md5: c2218320daa39c669bf4d203a70ebcf2
      size: 1456382
  prepare_large@few_rel_nat:
    cmd: ALLOW_REMOTE_CODE=1 bash scripts/run_prepare_data_only.sh few_rel_nat 
      large 42
    deps:
    - path: scripts/run_prepare_data_only.sh
      hash: md5
      md5: 928adcecc6406f0c69d58f628e6d94f0
      size: 4358
      isexec: true
    - path: src/data/prepare_data.py
      hash: md5
      md5: d0093087a48d64b278c412a2e812925f
      size: 31019
    params:
      params.yaml:
        run.seed: 42
    outs:
    - path: data/raw/few_rel_nat_large_eval.csv
      hash: md5
      md5: 3a5dd5dee8f197be290b75cd5884aff9
      size: 909080
    - path: data/raw/few_rel_nat_large_train.csv
      hash: md5
      md5: 3a5dd5dee8f197be290b75cd5884aff9
      size: 909080
    - path: src/clusterllm/datasets/few_rel_nat/large.jsonl
      hash: md5
      md5: 685d2a6afc71b9b23af4aa4047c46230
      size: 2019036
  prepare_large@massive_intent:
    cmd: ALLOW_REMOTE_CODE=1 bash scripts/run_prepare_data_only.sh 
      massive_intent large 42
    deps:
    - path: scripts/run_prepare_data_only.sh
      hash: md5
      md5: 928adcecc6406f0c69d58f628e6d94f0
      size: 4358
      isexec: true
    - path: src/data/prepare_data.py
      hash: md5
      md5: d0093087a48d64b278c412a2e812925f
      size: 31019
    params:
      params.yaml:
        run.seed: 42
    outs:
    - path: data/raw/massive_intent_large_eval.csv
      hash: md5
      md5: 485a8cb5ba84e988fa4e72d65c517587
      size: 147263
    - path: data/raw/massive_intent_large_train.csv
      hash: md5
      md5: 2d13dee198c67dc9f9743b91b6615748
      size: 576534
    - path: src/clusterllm/datasets/massive_intent/large.jsonl
      hash: md5
      md5: b36f799e5500f2322d737cce58ec4cb8
      size: 1071391
  prepare_large@bank77:
    cmd: ALLOW_REMOTE_CODE=1 bash scripts/run_prepare_data_only.sh bank77 large 
      42
    deps:
    - path: scripts/run_prepare_data_only.sh
      hash: md5
      md5: 928adcecc6406f0c69d58f628e6d94f0
      size: 4358
      isexec: true
    - path: src/data/prepare_data.py
      hash: md5
      md5: d0093087a48d64b278c412a2e812925f
      size: 31019
    params:
      params.yaml:
        run.seed: 42
    outs:
    - path: data/raw/bank77_large_eval.csv
      hash: md5
      md5: f2e48ccb7eb8360f24db85516d847a7f
      size: 179757
    - path: data/raw/bank77_large_train.csv
      hash: md5
      md5: c516feb2542bafbc31d9e8681f772b51
      size: 636374
    - path: src/clusterllm/datasets/bank77/large.jsonl
      hash: md5
      md5: 0f59d93a45d42cfc4c84069b448e065d
      size: 1100472
  prepare_large@reddit:
    cmd: ALLOW_REMOTE_CODE=1 bash scripts/run_prepare_data_only.sh reddit large 
      42
    deps:
    - path: scripts/run_prepare_data_only.sh
      hash: md5
      md5: 928adcecc6406f0c69d58f628e6d94f0
      size: 4358
      isexec: true
    - path: src/data/prepare_data.py
      hash: md5
      md5: d0093087a48d64b278c412a2e812925f
      size: 31019
    params:
      params.yaml:
        run.seed: 42
    outs:
    - path: data/raw/reddit_large_eval.csv
      hash: md5
      md5: 9bd325c867ffeb088bc1f45271ef1a86
      size: 258093
    - path: data/raw/reddit_large_train.csv
      hash: md5
      md5: 0570ef5a3c0ca7877bd728ae2235f4db
      size: 3979460
    - path: src/clusterllm/datasets/reddit/large.jsonl
      hash: md5
      md5: 6790b7254ee47c42c3771f17b5e2df99
      size: 5491294
  prepare_large@arxiv:
    cmd: ALLOW_REMOTE_CODE=1 bash scripts/run_prepare_data_only.sh arxiv large 
      42
    deps:
    - path: scripts/run_prepare_data_only.sh
      hash: md5
      md5: 928adcecc6406f0c69d58f628e6d94f0
      size: 4358
      isexec: true
    - path: src/data/prepare_data.py
      hash: md5
      md5: d0093087a48d64b278c412a2e812925f
      size: 31019
    params:
      params.yaml:
        run.seed: 42
    outs:
    - path: data/raw/arxiv_large_eval.csv
      hash: md5
      md5: c6268a48fd84e5a40bc6dc22e87ca789
      size: 3720582
    - path: data/raw/arxiv_large_train.csv
      hash: md5
      md5: b74c1f58c27bdefcdd9a522eeea64dd7
      size: 51007102
    - path: src/clusterllm/datasets/arxiv/large.jsonl
      hash: md5
      md5: 5d3b6dd8890aa8641825d09810019890
      size: 56710014
  prepare_large@massive_domain:
    cmd: ALLOW_REMOTE_CODE=1 bash scripts/run_prepare_data_only.sh 
      massive_domain large 42
    deps:
    - path: scripts/run_prepare_data_only.sh
      hash: md5
      md5: 928adcecc6406f0c69d58f628e6d94f0
      size: 4358
      isexec: true
    - path: src/data/prepare_data.py
      hash: md5
      md5: d0093087a48d64b278c412a2e812925f
      size: 31019
    params:
      params.yaml:
        run.seed: 42
    outs:
    - path: data/raw/massive_domain_large_eval.csv
      hash: md5
      md5: 485a8cb5ba84e988fa4e72d65c517587
      size: 147263
    - path: data/raw/massive_domain_large_train.csv
      hash: md5
      md5: 3758592b0ff577f44658242029513ad6
      size: 576704
    - path: src/clusterllm/datasets/massive_domain/large.jsonl
      hash: md5
      md5: be89299896901537e8eb2cac3c8a9c27
      size: 1071657
  prepare_large@go_emotions:
    cmd: ALLOW_REMOTE_CODE=1 bash scripts/run_prepare_data_only.sh go_emotions 
      large 42
    deps:
    - path: scripts/run_prepare_data_only.sh
      hash: md5
      md5: 928adcecc6406f0c69d58f628e6d94f0
      size: 4358
      isexec: true
    - path: src/data/prepare_data.py
      hash: md5
      md5: d0093087a48d64b278c412a2e812925f
      size: 31019
    params:
      params.yaml:
        run.seed: 42
    outs:
    - path: data/raw/go_emotions_large_eval.csv
      hash: md5
      md5: 68290e3cb5c1b0d1c51237ae783df8f5
      size: 407427
    - path: data/raw/go_emotions_large_train.csv
      hash: md5
      md5: e832fad2fd2952603cb053d7b565dafa
      size: 1774767
    - path: src/clusterllm/datasets/go_emotions/large.jsonl
      hash: md5
      md5: 0c108c9d18b53fb24136d1a2b93a5f6f
      size: 2803952
  prepare_large@clinc150:
    cmd: ALLOW_REMOTE_CODE=1 bash scripts/run_prepare_data_only.sh clinc150 
      large 42
    deps:
    - path: scripts/run_prepare_data_only.sh
      hash: md5
      md5: 928adcecc6406f0c69d58f628e6d94f0
      size: 4358
      isexec: true
    - path: src/data/prepare_data.py
      hash: md5
      md5: d0093087a48d64b278c412a2e812925f
      size: 31019
    params:
      params.yaml:
        run.seed: 42
    outs:
    - path: data/raw/clinc150_large_eval.csv
      hash: md5
      md5: 123d1bd5b60661e073532a884b37216d
      size: 200689
    - path: data/raw/clinc150_large_train.csv
      hash: md5
      md5: a29bfe54c989649cd142204081e7696b
      size: 665120
    - path: src/clusterllm/datasets/clinc150/large.jsonl
      hash: md5
      md5: a6f2082bb4d5ab72fb3abc75e3d83d20
      size: 1292397
  prepare_large@few_event:
    cmd: ALLOW_REMOTE_CODE=1 bash scripts/run_prepare_data_only.sh few_event 
      large 42
    deps:
    - path: scripts/run_prepare_data_only.sh
      hash: md5
      md5: 928adcecc6406f0c69d58f628e6d94f0
      size: 4358
      isexec: true
    - path: src/data/prepare_data.py
      hash: md5
      md5: d0093087a48d64b278c412a2e812925f
      size: 31019
    params:
      params.yaml:
        run.seed: 42
    outs:
    - path: data/raw/few_event_large_eval.csv
      hash: md5
      md5: d7cf2012e7d360f6f6f65866156f9b6c
      size: 1198427
    - path: data/raw/few_event_large_train.csv
      hash: md5
      md5: d7cf2012e7d360f6f6f65866156f9b6c
      size: 1198427
    - path: src/clusterllm/datasets/few_event/large.jsonl
      hash: md5
      md5: effa6f56a3f761459607a045be770fee
      size: 2611036
  full_pipeline_2llms:
    cmd: bash scripts/run_full_pipeline_one_dataset_two_llms.sh massive_domain 
      small mistral:7b-instruct-q4_K_M mistral:7b-instruct-q4_K_M 42
    deps:
    - path: scripts/patch_get_embedding_safetensors.py
      hash: md5
      md5: 07f37a3d38b35dd73c97dafa8d0f06c9
      size: 2390
    - path: scripts/run_full_pipeline_one_dataset_two_llms.sh
      hash: md5
      md5: e2d3a8ebba973459e66a515595c6a944
      size: 15385
      isexec: true
    - path: src/clusterllm/datasets/massive_domain/small.jsonl
      hash: md5
      md5: be89299896901537e8eb2cac3c8a9c27
      size: 1071657
    - path: src/clusterllm/granularity/predict_num_clusters.py
      hash: md5
      md5: f32689d2d4df9e36473a28a64329c65b
      size: 5621
    - path: src/clusterllm/granularity/predict_pairs.py
      hash: md5
      md5: 5e4d68473e59fab36d680bf34e83b50b
      size: 11247
    - path: src/clusterllm/granularity/sample_pairs.py
      hash: md5
      md5: ded7f444594a1851fa61f5c0b0353115
      size: 5393
    - path: src/clusterllm/granularity/sample_pairs_for_prompt.py
      hash: md5
      md5: d3c7ef559b70e51f931744abfcd33344
      size: 8234
    - path: src/clusterllm/perspective/finetuning/convert_triplet.py
      hash: md5
      md5: a9a62868c019ee3a28cfffb0f5a7c224
      size: 4064
    - path: src/clusterllm/perspective/finetuning/convert_triplet_self.py
      hash: md5
      md5: abf2fbf2ea83c0a7a38115f794e649ef
      size: 2832
    - path: src/clusterllm/perspective/finetuning/finetune.py
      hash: md5
      md5: 88fba1a8f4438b63efd1665d33a05b05
      size: 15881
    - path: src/clusterllm/perspective/finetuning/get_embedding.py
      hash: md5
      md5: 7f8a6fb8b36e64ff3eff3081f66ecfdc
      size: 6912
    - path: src/clusterllm/perspective/finetuning/prompts.json
      hash: md5
      md5: 619dcba700529a7b99fe2481bed35903
      size: 31495
    - path: src/clusterllm/perspective/predict_triplet/predict.py
      hash: md5
      md5: 0806f177630a76fac9d7ef97fa1c07c7
      size: 6762
    - path: src/clusterllm/perspective/predict_triplet/triplet_sampling.py
      hash: md5
      md5: 0443c5ed9ca0ab8ac8cfe68b69cd7ef0
      size: 4514
    params:
      params.yaml:
        run.dataset: massive_domain
        run.llm_pairs: mistral:7b-instruct-q4_K_M
        run.llm_triplet: mistral:7b-instruct-q4_K_M
        run.scale: small
        run.seed: 42
    outs:
    - path: runs/granularity
      hash: md5
      md5: 8d7dd7529c27e8d82e73a5d48d9b4a76.dir
      size: 686830321
      nfiles: 8
    - path: runs/perspective
      hash: md5
      md5: 56ecf00c1a3238e2c7a080bdd2ddc7ae.dir
      size: 5635499006
      nfiles: 17
    - path: runs/summary/full_pipeline_2llms/massive_domain/small/summary.json
      hash: md5
      md5: e7a0923bd73e4b15f7fd75bbda676750
      size: 710
